{
    "_meta": {
        "hash": {
            "sha256": "b158b5e71c923b04abfd5a48272976a1b4ecc4ebc3b33ff87dc21a34257bf90c"
        },
        "pipfile-spec": 6,
        "requires": {
            "python_version": "3.9"
        },
        "sources": [
            {
                "name": "pypi",
                "url": "https://pypi.org/simple",
                "verify_ssl": true
            }
        ]
    },
    "default": {
        "alembic": {
            "hashes": [
                "sha256:0932bed55a4546b8aa6f59b8ad8b92b0161e7bd46adc538d50afb1c96b3571c1"
            ],
            "index": "pypi",
            "version": "==0.8.9"
        },
        "bcrypt": {
            "hashes": [
                "sha256:027ed4963f944dfdfc851336aa967e7e9a01175503307c6667b763579704396d",
                "sha256:0edba25d183b971e86f1ee686519eecc5d161dc9c0feb095c2f36f49722d867e",
                "sha256:134ab92aef2444e2509e1ec87228eef9018947d4debd3578b2ccde7bd168cfbf",
                "sha256:14c2638bc580a8269bbbc6aff0281275b2877a5a1fe6ac4ea322e90a13f912b0",
                "sha256:1579fa6cca26527556211c41a30a4f231fa39b154aa4508233435cffb26853a2",
                "sha256:1a99bd662464bcd67ffa4f941e80013729d56fbb36c775fae02f53cbb96bd77f",
                "sha256:1ac84b0a25f136b28ef3a2b0c6554702fc3520a42892dea9baaa8ed4a6c3847f",
                "sha256:28f057cd77a18bc651eeb34c1767d08fe7f31ab0f37e78b8afbc2916e7ac575f",
                "sha256:2ade0a871da484f3f579ebcbca3ed6f3ff23f584131bec0380d077990cdddb62",
                "sha256:2f2646f3e92d7060a5514e517940d0fc4bcc09e91743ff4be34e11e4d9bbb783",
                "sha256:346e175c820a111c17d4c2def181a96e1826652edb0bb16e565085ed542785aa",
                "sha256:3a5a668695f7a469631af802dcd3925ce42de71585277ff3f278e23b6da0dd80",
                "sha256:3e573e873c9685e4c71e89a9b81fb6a6f68d8e31835d21724cdcb5229e62f3da",
                "sha256:40ab1589dfb6ddd08caae02be722e4770ae1349167880486fb43e5c6c2a30748",
                "sha256:4fc1d8d32c36b019f827e9df9f7855b1eb6787dbfb88de8e27b8ed23bda29179",
                "sha256:553840d0bd605bebacad721fb30c0df75d8c7defaa8612ed8770c79ce103bc54",
                "sha256:5601280c6f6e5846555ce2e88d72c69a5225d60297b4bf0c9f2ef1ed05d2f814",
                "sha256:58f03b76e1d33b0c4b613fea535cf5754837a71972557870a5a38278708a5d7d",
                "sha256:5c802329be3d5a316af90cae5ea74b30372b73ba70acf3e874adc0f6b657e5d1",
                "sha256:6cc65b2b30a6a5e281054e6ad7a724eeb6c358a09abfcf1731aeb5a61be1a728",
                "sha256:74fd31c54ba5fea2a9189b7e0d4a7f0bfcd36e5b16c7cd6b7dae34efeecc2c11",
                "sha256:756f835842baaa5b8aa79aee2f6091b3403da0fde309b39c05c62fa4fe89fcb6",
                "sha256:76c247e3536fdeff812d7f7f93e3e8335c447f99df72375c3e03568f4bd632d8",
                "sha256:7a0f72d664d9862f7c7d05e0f53a66ea1ce487449a0ac100d698f1d135279b35",
                "sha256:7c4c178fdf441c0109564fa11a1d75e1342772ccdf1eb75f635dcbbd6ec66a35",
                "sha256:7fdbd5eb98f580375e674eb961a4b6b2d0feb829c48ae11db363e740cf5434ef",
                "sha256:8f87bed8ad0fa837158167e950cc69c13f47b5ca4f04a34a79cbe443aa678558",
                "sha256:ad5980c3516bded32b36f418884edbe36c9470fc46af4aec9eaf43d61a6347e8",
                "sha256:b823ebcd73dc4b5fa9773885d9adf36f6565f4c98a6f80d4e352d3aede2c61c1",
                "sha256:b844350ed7caefec00cf7705f6bf396e4c5d3e5fba5316808434628551fd2fe4",
                "sha256:ba4a251311065b9410d01241c53df617bdc46c46dfbbcb44ac0675155dc21279",
                "sha256:d206c130ba0e97ed4d363b1d482504624f0560d0bf7793c48e9d2429469fbbd5",
                "sha256:ddaf671a9a8e88b65852d6affb22c68f22aee828529a3b14d732689a7f459323",
                "sha256:ecb7d49c124501074f2d0574b015ee0597f0b60dc0ecb9c930490d0011871b07",
                "sha256:ed377da0af35c4366d5470995c60dae025918f31be15cd45eb206e099eb7229e",
                "sha256:fd7f503b28a643b7658fd8862a1eee97a8415fccee44eca778e7c284de3812d2"
            ],
            "index": "pypi",
            "version": "==3.1.2"
        },
        "cffi": {
            "hashes": [
                "sha256:00a1ba5e2e95684448de9b89888ccd02c98d512064b4cb987d48f4b40aa0421e",
                "sha256:00e28066507bfc3fe865a31f325c8391a1ac2916219340f87dfad602c3e48e5d",
                "sha256:045d792900a75e8b1e1b0ab6787dd733a8190ffcf80e8c8ceb2fb10a29ff238a",
                "sha256:0638c3ae1a0edfb77c6765d487fee624d2b1ee1bdfeffc1f0b58c64d149e7eec",
                "sha256:105abaf8a6075dc96c1fe5ae7aae073f4696f2905fde6aeada4c9d2926752362",
                "sha256:155136b51fd733fa94e1c2ea5211dcd4c8879869008fc811648f16541bf99668",
                "sha256:1a465cbe98a7fd391d47dce4b8f7e5b921e6cd805ef421d04f5f66ba8f06086c",
                "sha256:1d2c4994f515e5b485fd6d3a73d05526aa0fcf248eb135996b088d25dfa1865b",
                "sha256:2c24d61263f511551f740d1a065eb0212db1dbbbbd241db758f5244281590c06",
                "sha256:51a8b381b16ddd370178a65360ebe15fbc1c71cf6f584613a7ea08bfad946698",
                "sha256:594234691ac0e9b770aee9fcdb8fa02c22e43e5c619456efd0d6c2bf276f3eb2",
                "sha256:5cf4be6c304ad0b6602f5c4e90e2f59b47653ac1ed9c662ed379fe48a8f26b0c",
                "sha256:64081b3f8f6f3c3de6191ec89d7dc6c86a8a43911f7ecb422c60e90c70be41c7",
                "sha256:6bc25fc545a6b3d57b5f8618e59fc13d3a3a68431e8ca5fd4c13241cd70d0009",
                "sha256:798caa2a2384b1cbe8a2a139d80734c9db54f9cc155c99d7cc92441a23871c03",
                "sha256:7c6b1dece89874d9541fc974917b631406233ea0440d0bdfbb8e03bf39a49b3b",
                "sha256:7ef7d4ced6b325e92eb4d3502946c78c5367bc416398d387b39591532536734e",
                "sha256:840793c68105fe031f34d6a086eaea153a0cd5c491cde82a74b420edd0a2b909",
                "sha256:8d6603078baf4e11edc4168a514c5ce5b3ba6e3e9c374298cb88437957960a53",
                "sha256:9cc46bc107224ff5b6d04369e7c595acb700c3613ad7bcf2e2012f62ece80c35",
                "sha256:9f7a31251289b2ab6d4012f6e83e58bc3b96bd151f5b5262467f4bb6b34a7c26",
                "sha256:9ffb888f19d54a4d4dfd4b3f29bc2c16aa4972f1c2ab9c4ab09b8ab8685b9c2b",
                "sha256:a5ed8c05548b54b998b9498753fb9cadbfd92ee88e884641377d8a8b291bcc01",
                "sha256:a7711edca4dcef1a75257b50a2fbfe92a65187c47dab5a0f1b9b332c5919a3fb",
                "sha256:af5c59122a011049aad5dd87424b8e65a80e4a6477419c0c1015f73fb5ea0293",
                "sha256:b18e0a9ef57d2b41f5c68beefa32317d286c3d6ac0484efd10d6e07491bb95dd",
                "sha256:b4e248d1087abf9f4c10f3c398896c87ce82a9856494a7155823eb45a892395d",
                "sha256:ba4e9e0ae13fc41c6b23299545e5ef73055213e466bd107953e4a013a5ddd7e3",
                "sha256:c6332685306b6417a91b1ff9fae889b3ba65c2292d64bd9245c093b1b284809d",
                "sha256:d5ff0621c88ce83a28a10d2ce719b2ee85635e85c515f12bac99a95306da4b2e",
                "sha256:d9efd8b7a3ef378dd61a1e77367f1924375befc2eba06168b6ebfa903a5e59ca",
                "sha256:df5169c4396adc04f9b0a05f13c074df878b6052430e03f50e68adf3a57aa28d",
                "sha256:ebb253464a5d0482b191274f1c8bf00e33f7e0b9c66405fbffc61ed2c839c775",
                "sha256:ec80dc47f54e6e9a78181ce05feb71a0353854cc26999db963695f950b5fb375",
                "sha256:f032b34669220030f905152045dfa27741ce1a6db3324a5bc0b96b6c7420c87b",
                "sha256:f60567825f791c6f8a592f3c6e3bd93dd2934e3f9dac189308426bd76b00ef3b",
                "sha256:f803eaa94c2fcda012c047e62bc7a51b0bdabda1cad7a92a522694ea2d76e49f"
            ],
            "index": "pypi",
            "version": "==1.14.4"
        },
        "click": {
            "hashes": [
                "sha256:cc6a19da8ebff6e7074f731447ef7e112bd23adf3de5c597cf9989f2fd8defe9",
                "sha256:fcf697e1fd4b567d817c69dab10a4035937fe6af175c05fd6806b69f74cbc6c4"
            ],
            "index": "pypi",
            "version": "==6.6"
        },
        "coverage": {
            "hashes": [
                "sha256:1c8ff2692efb9ef2c07b84ca6f8dec03dfdc2503bba5b268678e823928e08e52",
                "sha256:28a61877d72937d1cc367f09859ddacad99ea26f6fc468c34937e1004db54798",
                "sha256:30b9b429d3c88b6fe3573f1e73dffd6dc7f71f50a3eebd8fc410445877dad20a",
                "sha256:30bd366d8f1388b06f0c7dff49dad1024bf98b787f1c23e776356f96d8cfe038",
                "sha256:31c1ef428482d22e84e37e79908b4e35014bc1c247bd3819b31e1246466743fb",
                "sha256:38e87c46d364b8b3ac4d161586707345b7bc7b16855be1751345fc91be702ff7",
                "sha256:3b72f4b0ca8e128e483e3e9ebe2b7ba4b5a801d15421ff495ecffa10b6f932b4",
                "sha256:40092d2d24c8ecf3d3ffc84521f88a0fe140fa333a95422f194bd48b9de049f7",
                "sha256:4138fc4741a54aaf6dd6d91cebe075a899b7f4a841680638704e4eec803c8268",
                "sha256:42450b715dedb7a9e721ed016f5044fdc2a05b1c5098bb397d169e9846d7b031",
                "sha256:5e3066a2bce9320044997a809968ae798429548caf2e2a520bc5f2bb853f6cc0",
                "sha256:61224ed8243bda02dbd3aa3fff760eaa8fd30774c79b9e1ca8aa1c12294596fe",
                "sha256:6a797de7c1855e88a6bb2cade546f894f89c6342bbeae78f474f269460dd8f4f",
                "sha256:6d6ca7c7406edc03f50f751a583d0e0c1d64b2c01da8e1b9b40d5961a23c126d",
                "sha256:735cdc43a39407bf87b61e91f621d52e5acc5f4f52999d0f7ff4594a147ef669",
                "sha256:7e5dc262c4924326ba1d0d227597e9c8b3b167daa946775e886b8344c85c463c",
                "sha256:81069320e72dfb28bbc07e79ae94aa79d6fe7660eb9aae809d363b7f889020de",
                "sha256:89bf69d6ce7a865499a9b957745db8c2e9d5fbad00c4745a59d3c65211446ca8",
                "sha256:9d1c398f14290bc4ae4bc5ce01c283cabe734a068ba39e6a20b3eb4d3a412b52",
                "sha256:9f63c41114d6e38e6007edd38849db19655d1860075c019a4e24f8636d0bd53e",
                "sha256:a5dda361f947dd67891f73a373ef63059cf3e551ac248dd3e91f76ea1b39cdda",
                "sha256:b8faa97f0d3708c9ec487367fbcee630117d8ce161fe6b185b2e72e48be2275b",
                "sha256:bd4eba631f07cae8cdb9c55c144f165649e6701b962f9d604b4e00cf8802406c",
                "sha256:d12b46247e74c1881768feb3ae48fbbb95e5c883b0c3517acdf86f435560fc61",
                "sha256:e312776d3ef04632ec742ce2d2b7048b635073e0245e4f44dfe8b08cc50ac656",
                "sha256:fac51660e712b5f873dadb787e6ec3eced13473302559ea9bdbbba9d07fb56e0",
                "sha256:fbe75deeec11130913e2df6f7f8edd383cf9e9e1c237cf0bed1719c18ee7aadb",
                "sha256:fc9cca8c0147d9191c96370b1bc0f425d87ffdf8dd48bc4dc9657ee45a77a8ce"
            ],
            "index": "pypi",
            "version": "==4.2"
        },
        "flask": {
            "hashes": [
                "sha256:7f03bb2c255452444f7265eddb51601806e5447b6f8a2d50bbc77a654a14c118",
                "sha256:93e803cdbe326a61ebd5c5d353959397c85f829bec610d59cb635c9f97d7ca8b"
            ],
            "index": "pypi",
            "version": "==0.12"
        },
        "flask-bcrypt": {
            "hashes": [
                "sha256:d71c8585b2ee1c62024392ebdbc447438564e2c8c02b4e57b56a4cafd8d13c5f"
            ],
            "index": "pypi",
            "version": "==0.7.1"
        },
        "flask-migrate": {
            "hashes": [
                "sha256:c77272b936ec94209d5c709f9ec43947f4a25513c1b12cc25241586abdfa84b1"
            ],
            "index": "pypi",
            "version": "==2.0.2"
        },
        "flask-script": {
            "hashes": [
                "sha256:cef76eac751396355429a14c38967bb14d4973c53e07dec94af5cc8fb017107f"
            ],
            "index": "pypi",
            "version": "==2.0.5"
        },
        "flask-sqlalchemy": {
            "hashes": [
                "sha256:c5244de44cc85d2267115624d83faef3f9e8f088756788694f305a5d5ad137c5"
            ],
            "index": "pypi",
            "version": "==2.1"
        },
        "flask-testing": {
            "hashes": [
                "sha256:abf539332c013aee5301cbb720d2c6a78bb69fe9bcf854697b6f62f1e7f175b2"
            ],
            "index": "pypi",
            "version": "==0.6.1"
        },
        "gunicorn": {
            "hashes": [
                "sha256:1904bb2b8a43658807108d59c3f3d56c2b6121a701161de0ddf9ad140073c626",
                "sha256:cd4a810dd51bf497552cf3f863b575dabd73d6ad6a91075b65936b151cbf4f9c"
            ],
            "index": "pypi",
            "version": "==20.0.4"
        },
        "itsdangerous": {
            "hashes": [
                "sha256:cbb3fcf8d3e33df861709ecaf89d9e6629cff0a217bc2848f1b41cd30d360519"
            ],
            "index": "pypi",
            "version": "==0.24"
        },
        "jinja2": {
            "hashes": [
                "sha256:1cc03ef32b64be19e0a5b54578dd790906a34943fe9102cfdae0d4495bd536b4",
                "sha256:bc1ff2ff88dbfacefde4ddde471d1417d3b304e8df103a7a9437d47269201bf4"
            ],
            "index": "pypi",
            "version": "==2.8"
        },
        "mako": {
            "hashes": [
                "sha256:48559ebd872a8e77f92005884b3d88ffae552812cdf17db6768e5c3be5ebbe0d"
            ],
            "index": "pypi",
            "version": "==1.0.6"
        },
        "markupsafe": {
            "hashes": [
                "sha256:a4ec1aff59b95a14b45eb2e23761a0179e98319da5a7eb76b56ea8cdc7b871c3"
            ],
            "index": "pypi",
            "version": "==0.23"
        },
        "psycopg2": {
            "hashes": [
                "sha256:4212ca404c4445dc5746c0d68db27d2cbfb87b523fe233dc84ecd24062e35677",
                "sha256:47fc642bf6f427805daf52d6e52619fe0637648fe27017062d898f3bf891419d",
                "sha256:72772181d9bad1fa349792a1e7384dde56742c14af2b9986013eb94a240f005b",
                "sha256:8396be6e5ff844282d4d49b81631772f80dabae5658d432202faf101f5283b7c",
                "sha256:893c11064b347b24ecdd277a094413e1954f8a4e8cdaf7ffbe7ca3db87c103f0",
                "sha256:92a07dfd4d7c325dd177548c4134052d4842222833576c8391aab6f74038fc3f",
                "sha256:965c4c93e33e6984d8031f74e51227bd755376a9df6993774fd5b6fb3288b1f4",
                "sha256:9ab75e0b2820880ae24b7136c4d230383e07db014456a476d096591172569c38",
                "sha256:b0845e3bdd4aa18dc2f9b6fb78fbd3d9d371ad167fd6d1b7ad01c0a6cdad4fc6",
                "sha256:dca2d7203f0dfce8ea4b3efd668f8ea65cd2b35112638e488a4c12594015f67b",
                "sha256:ed686e5926929887e2c7ae0a700e32c6129abb798b4ad2b846e933de21508151",
                "sha256:ef6df7e14698e79c59c7ee7cf94cd62e5b869db369ed4b1b8f7b729ea825712a",
                "sha256:f898e5cc0a662a9e12bde6f931263a1bbd350cfb18e1d5336a12927851825bb6"
            ],
            "index": "pypi",
            "version": "==2.8.4"
        },
        "pycparser": {
            "hashes": [
                "sha256:0aac31e917c24cb3357f5a4d5566f2cc91a19ca41862f6c3c22dc60a629673b6"
            ],
            "index": "pypi",
            "version": "==2.17"
        },
        "pyjwt": {
            "hashes": [
                "sha256:5c6eca3c2940464d106b99ba83b00c6add741c9becaec087fb7ccdefea71350e",
                "sha256:8d59a976fb773f3e6a39c85636357c4f0e242707394cadadd9814f5cbaa20e96"
            ],
            "index": "pypi",
            "version": "==1.7.1"
        },
        "python-editor": {
            "hashes": [
                "sha256:a3c066acee22a1c94f63938341d4fb374e3fdd69366ed6603d7b24bed1efc565"
            ],
            "index": "pypi",
            "version": "==1.0.3"
        },
        "six": {
            "hashes": [
                "sha256:0ff78c403d9bccf5a425a6d31a12aa6b47f1c21ca4dc2573a7e2f32a97335eb1",
                "sha256:105f8d68616f8248e24bf0e9372ef04d3cc10104f1980f54d57b2ce73a5ad56a"
            ],
            "index": "pypi",
            "version": "==1.10.0"
        },
        "sqlalchemy": {
            "hashes": [
                "sha256:701b57d628b9fa1cfb82f10665e7214d5d2db23251ca6f23b91c5f56fcdbdeb5"
            ],
            "index": "pypi",
            "version": "==1.1.4"
        },
        "werkzeug": {
            "hashes": [
                "sha256:1e0dedc2acb1f46827daa2e399c1485c8fa17c0d8e70b6b875b4e7f54bf408d2",
                "sha256:b353856d37dec59d6511359f97f6a4b2468442e454bd1c98298ddce53cac1f04"
            ],
            "index": "pypi",
            "version": "==0.16.1"
        }
    },
    "develop": {}
}
